
Microsoft Visual Studio Solution File, Format Version 12.00
# Visual Studio Version 17
VisualStudioVersion = 17.14.36203.30 d17.14
MinimumVisualStudioVersion = 10.0.40219.1
Project("{FAE04EC0-301F-11D3-BF4B-00C04F79EFBC}") = "ClearDinner.Api", "ClearDinner.Api\ClearDinner.Api.csproj", "{2CC05CC3-5007-4611-B13F-7157318FB485}"
EndProject
Project("{FAE04EC0-301F-11D3-BF4B-00C04F79EFBC}") = "CleanDinner.Contracts", "CleanDinner.Contracts\CleanDinner.Contracts.csproj", "{D8610FFF-B3AF-4CCF-A4D2-36C59531ACB3}"
EndProject
Project("{FAE04EC0-301F-11D3-BF4B-00C04F79EFBC}") = "CleanDinner.Infrastructure", "CleanDinner.Infrastructure\CleanDinner.Infrastructure.csproj", "{FB8602FE-0E55-43AD-942E-967533015528}"
EndProject
Project("{FAE04EC0-301F-11D3-BF4B-00C04F79EFBC}") = "CleanDinner.Application", "CleanDinner.Application\CleanDinner.Application.csproj", "{2816C348-D5B7-4393-9E06-2F067CB59563}"
EndProject
Project("{FAE04EC0-301F-11D3-BF4B-00C04F79EFBC}") = "CleanDinner.Domain", "CleanDinner.Domain\CleanDinner.Domain.csproj", "{4906EF59-0831-4707-A14C-A901DEC0C29A}"
EndProject
Global
	GlobalSection(SolutionConfigurationPlatforms) = preSolution
		Debug|Any CPU = Debug|Any CPU
		Release|Any CPU = Release|Any CPU
	EndGlobalSection
	GlobalSection(ProjectConfigurationPlatforms) = postSolution
		{2CC05CC3-5007-4611-B13F-7157318FB485}.Debug|Any CPU.ActiveCfg = Debug|Any CPU
		{2CC05CC3-5007-4611-B13F-7157318FB485}.Debug|Any CPU.Build.0 = Debug|Any CPU
		{2CC05CC3-5007-4611-B13F-7157318FB485}.Release|Any CPU.ActiveCfg = Release|Any CPU
		{2CC05CC3-5007-4611-B13F-7157318FB485}.Release|Any CPU.Build.0 = Release|Any CPU
		{D8610FFF-B3AF-4CCF-A4D2-36C59531ACB3}.Debug|Any CPU.ActiveCfg = Debug|Any CPU
		{D8610FFF-B3AF-4CCF-A4D2-36C59531ACB3}.Debug|Any CPU.Build.0 = Debug|Any CPU
		{D8610FFF-B3AF-4CCF-A4D2-36C59531ACB3}.Release|Any CPU.ActiveCfg = Release|Any CPU
		{D8610FFF-B3AF-4CCF-A4D2-36C59531ACB3}.Release|Any CPU.Build.0 = Release|Any CPU
		{FB8602FE-0E55-43AD-942E-967533015528}.Debug|Any CPU.ActiveCfg = Debug|Any CPU
		{FB8602FE-0E55-43AD-942E-967533015528}.Debug|Any CPU.Build.0 = Debug|Any CPU
		{FB8602FE-0E55-43AD-942E-967533015528}.Release|Any CPU.ActiveCfg = Release|Any CPU
		{FB8602FE-0E55-43AD-942E-967533015528}.Release|Any CPU.Build.0 = Release|Any CPU
		{2816C348-D5B7-4393-9E06-2F067CB59563}.Debug|Any CPU.ActiveCfg = Debug|Any CPU
		{2816C348-D5B7-4393-9E06-2F067CB59563}.Debug|Any CPU.Build.0 = Debug|Any CPU
		{2816C348-D5B7-4393-9E06-2F067CB59563}.Release|Any CPU.ActiveCfg = Release|Any CPU
		{2816C348-D5B7-4393-9E06-2F067CB59563}.Release|Any CPU.Build.0 = Release|Any CPU
		{4906EF59-0831-4707-A14C-A901DEC0C29A}.Debug|Any CPU.ActiveCfg = Debug|Any CPU
		{4906EF59-0831-4707-A14C-A901DEC0C29A}.Debug|Any CPU.Build.0 = Debug|Any CPU
		{4906EF59-0831-4707-A14C-A901DEC0C29A}.Release|Any CPU.ActiveCfg = Release|Any CPU
		{4906EF59-0831-4707-A14C-A901DEC0C29A}.Release|Any CPU.Build.0 = Release|Any CPU
	EndGlobalSection
	GlobalSection(SolutionProperties) = preSolution
		HideSolutionNode = FALSE
	EndGlobalSection
	GlobalSection(ExtensibilityGlobals) = postSolution
		SolutionGuid = {03D25B82-412B-420F-97BB-BAEA8F1B9410}
	EndGlobalSection
EndGlobal
